{
  "originHash" : "869df6e8e97c64309ac929d83a81b2c8b2090f0d6c5490575147fe0d05aaf6f2",
  "pins" : [
    {
      "identity" : "agorainfra_ios",
      "kind" : "remoteSourceControl",
      "location" : "https://github.com/AgoraIO/AgoraInfra_iOS.git",
      "state" : {
        "revision" : "c2781d81a1ac78b94fefd53171975acb426b6ac5",
        "version" : "1.2.13"
      }
    },
    {
      "identity" : "agorartcengine_ios",
      "kind" : "remoteSourceControl",
      "location" : "https://github.com/AgoraIO/AgoraRtcEngine_iOS",
      "state" : {
        "revision" : "26ecb3247b017cd17412b5e0922a049a0ac98815",
        "version" : "4.5.0"
      }
    }
  ],
  "version" : 3
}
